
Microsoft Visual Studio Solution File, Format Version 12.00
# Visual Studio Version 17
VisualStudioVersion = 17.1.32421.90
MinimumVisualStudioVersion = 10.0.40219.1
Project("{FAE04EC0-301F-11D3-BF4B-00C04F79EFBC}") = "Test", "Test.csproj", "{C8357188-3148-49C4-9433-8BF38985C961}"
EndProject
Global
	GlobalSection(SolutionConfigurationPlatforms) = preSolution
		Debug|Any CPU = Debug|Any CPU
		Release|Any CPU = Release|Any CPU
	EndGlobalSection
	GlobalSection(ProjectConfigurationPlatforms) = postSolution
		{C8357188-3148-49C4-9433-8BF38985C961}.Debug|Any CPU.ActiveCfg = Debug|Any CPU
		{C8357188-3148-49C4-9433-8BF38985C961}.Debug|Any CPU.Build.0 = Debug|Any CPU
		{C8357188-3148-49C4-9433-8BF38985C961}.Release|Any CPU.ActiveCfg = Release|Any CPU
		{C8357188-3148-49C4-9433-8BF38985C961}.Release|Any CPU.Build.0 = Release|Any CPU
	EndGlobalSection
	GlobalSection(SolutionProperties) = preSolution
		HideSolutionNode = FALSE
	EndGlobalSection
	GlobalSection(ExtensibilityGlobals) = postSolution
		SolutionGuid = {515452B2-DAB4-4854-ABE2-B3372A608EDE}
	EndGlobalSection
EndGlobal
