
Microsoft Visual Studio Solution File, Format Version 12.00
# Visual Studio Version 17
VisualStudioVersion = 17.1.32210.238
MinimumVisualStudioVersion = 10.0.40219.1
Project("{FAE04EC0-301F-11D3-BF4B-00C04F79EFBC}") = "GeekBrainsTest", "GeekBrainsTest\GeekBrainsTest.csproj", "{FAA77241-DE61-4546-AA67-866618115A03}"
EndProject
Project("{FAE04EC0-301F-11D3-BF4B-00C04F79EFBC}") = "UnitTest", "UnitTest\UnitTest.csproj", "{BF4CCDF9-88BB-42FC-98DF-C7DAA51872A9}"
EndProject
Global
	GlobalSection(SolutionConfigurationPlatforms) = preSolution
		Debug|Any CPU = Debug|Any CPU
		Release|Any CPU = Release|Any CPU
	EndGlobalSection
	GlobalSection(ProjectConfigurationPlatforms) = postSolution
		{FAA77241-DE61-4546-AA67-866618115A03}.Debug|Any CPU.ActiveCfg = Debug|Any CPU
		{FAA77241-DE61-4546-AA67-866618115A03}.Debug|Any CPU.Build.0 = Debug|Any CPU
		{FAA77241-DE61-4546-AA67-866618115A03}.Release|Any CPU.ActiveCfg = Release|Any CPU
		{FAA77241-DE61-4546-AA67-866618115A03}.Release|Any CPU.Build.0 = Release|Any CPU
		{BF4CCDF9-88BB-42FC-98DF-C7DAA51872A9}.Debug|Any CPU.ActiveCfg = Debug|Any CPU
		{BF4CCDF9-88BB-42FC-98DF-C7DAA51872A9}.Debug|Any CPU.Build.0 = Debug|Any CPU
		{BF4CCDF9-88BB-42FC-98DF-C7DAA51872A9}.Release|Any CPU.ActiveCfg = Release|Any CPU
		{BF4CCDF9-88BB-42FC-98DF-C7DAA51872A9}.Release|Any CPU.Build.0 = Release|Any CPU
	EndGlobalSection
	GlobalSection(SolutionProperties) = preSolution
		HideSolutionNode = FALSE
	EndGlobalSection
	GlobalSection(ExtensibilityGlobals) = postSolution
		SolutionGuid = {9ACD5483-9066-42C5-A16D-900FECDC62EE}
	EndGlobalSection
EndGlobal
